Microsoft Visual Studio Solution File, Format Version 12.00
# Visual Studio Version 16
VisualStudioVersion = 16.0.29418.71
MinimumVisualStudioVersion = 10.0.40219.1
Project("{2150E333-8FDC-42A3-9474-1A3956D46DE8}") = "src", "src", "{B805CA4B-17D3-4623-B52E-945C03CEE095}"
EndProject
Project("{2150E333-8FDC-42A3-9474-1A3956D46DE8}") = "test", "test", "{74B87E4B-456B-4C67-A6D5-1761C15E22E2}"
EndProject
Project("{2150E333-8FDC-42A3-9474-1A3956D46DE8}") = "sample", "sample", "{EECE4C72-BF82-4163-8257-5D6EDDBA00D9}"
EndProject
Project("{2150E333-8FDC-42A3-9474-1A3956D46DE8}") = "common", "common", "{EF1F0B69-A116-4E24-8CEB-5D050103C1DA}"
EndProject
Project("{2150E333-8FDC-42A3-9474-1A3956D46DE8}") = "app", "app", "{07EEDCBC-73DB-49EB-B338-4E1EBF3DE085}"
EndProject
Project("{2150E333-8FDC-42A3-9474-1A3956D46DE8}") = "web", "web", "{FB32EBBC-3DDF-4C68-B75A-6D555B5D2314}"
EndProject
Project("{2150E333-8FDC-42A3-9474-1A3956D46DE8}") = "services", "services", "{8ACE5EE9-9BF1-4FAF-9E51-497DA18A5775}"
EndProject
Project("{9A19103F-16F7-4668-BE54-9A1E7A4F7556}") = "NanoFabric.AspNetCore.Tests", "test\NanoFabric.AspNetCore.Tests\NanoFabric.AspNetCore.Tests.csproj", "{EA4B3673-0272-471C-9310-9695C7A7191E}"
EndProject
Project("{9A19103F-16F7-4668-BE54-9A1E7A4F7556}") = "NanoFabric.RegistryHost.ConsulRegistry.Tests", "test\NanoFabric.RegistryHost.ConsulRegistry.Test\NanoFabric.RegistryHost.ConsulRegistry.Tests.csproj", "{545568FF-76CC-465B-A387-9262DE000D71}"
EndProject
Project("{9A19103F-16F7-4668-BE54-9A1E7A4F7556}") = "NanoFabric.Router.Tests", "test\NanoFabric.Router.Tests\NanoFabric.Router.Tests.csproj", "{44DE9C8F-B25A-4B70-9E61-717BEBE33177}"
EndProject
Project("{2150E333-8FDC-42A3-9474-1A3956D46DE8}") = "Solution Items", "Solution Items", "{AE760A22-D5B1-4D55-B108-D116876FFD62}"
	ProjectSection(SolutionItems) = preProject
		tools\nano_start.bat = tools\nano_start.bat
		tools\nano_start_demo.bat = tools\nano_start_demo.bat
	EndProjectSection
EndProject
Project("{2150E333-8FDC-42A3-9474-1A3956D46DE8}") = "apiGateway", "apiGateway", "{FB8EFD2A-A626-49F6-84D2-A32090898524}"
EndProject
Project("{2150E333-8FDC-42A3-9474-1A3956D46DE8}") = "identity", "identity", "{0EB8FF5B-31FC-4BF8-B456-D1CF11DE593C}"
EndProject
Project("{2150E333-8FDC-42A3-9474-1A3956D46DE8}") = "SysSetting", "SysSetting", "{2D4546BA-D9B9-4B8F-84A9-10D1B694D86D}"
EndProject
Project("{E24C65DC-7377-472B-9ABA-BC803B73C61A}") = "SampleClient", "Sample\SampleClient\", "{A43F1566-BE67-41AC-B892-5963FA20A797}"
	ProjectSection(WebsiteProperties) = preProject
		TargetFrameworkMoniker = ".NETFramework,Version%3Dv4.0"
		Debug.AspNetCompiler.VirtualPath = "/localhost_49261"
		Debug.AspNetCompiler.PhysicalPath = "Sample\SampleClient\"
		Debug.AspNetCompiler.TargetPath = "PrecompiledWeb\localhost_49261\"
		Debug.AspNetCompiler.Updateable = "true"
		Debug.AspNetCompiler.ForceOverwrite = "true"
		Debug.AspNetCompiler.FixedNames = "false"
		Debug.AspNetCompiler.Debug = "True"
		Release.AspNetCompiler.VirtualPath = "/localhost_49261"
		Release.AspNetCompiler.PhysicalPath = "Sample\SampleClient\"
		Release.AspNetCompiler.TargetPath = "PrecompiledWeb\localhost_49261\"
		Release.AspNetCompiler.Updateable = "true"
		Release.AspNetCompiler.ForceOverwrite = "true"
		Release.AspNetCompiler.FixedNames = "false"
		Release.AspNetCompiler.Debug = "False"
		VWDPort = "49261"
		SlnRelativePath = "Sample\SampleClient\"
	EndProjectSection
EndProject
Project("{9A19103F-16F7-4668-BE54-9A1E7A4F7556}") = "SampleService.Client", "Sample\SampleService.Client\SampleService.Client.csproj", "{3DA40680-EE96-42B9-BC8C-B35D9DE67A5A}"
EndProject
Project("{9A19103F-16F7-4668-BE54-9A1E7A4F7556}") = "SampleService.IdentityServer", "Sample\SampleService.IdentityServer\SampleService.IdentityServer.csproj", "{CBC55855-91FB-44D1-8D15-B181DCC5AE67}"
EndProject
Project("{9A19103F-16F7-4668-BE54-9A1E7A4F7556}") = "SampleService.Kestrel", "Sample\SampleService.Kestrel\SampleService.Kestrel.csproj", "{23D03E89-FB22-4D09-9186-4693280DB379}"
EndProject
Project("{9A19103F-16F7-4668-BE54-9A1E7A4F7556}") = "SampleService.MvcClient", "Sample\SampleService.MvcClient\SampleService.MvcClient.csproj", "{7720C533-33F6-4129-A8F5-D57B935D1F21}"
EndProject
Project("{9A19103F-16F7-4668-BE54-9A1E7A4F7556}") = "LeadChina.PM.Core", "src\Common\LeadChina.PM.Core\LeadChina.PM.Core.csproj", "{DC519BAE-694E-4853-9F03-1FB490EFE7DC}"
EndProject
Project("{9A19103F-16F7-4668-BE54-9A1E7A4F7556}") = "LeadChina.PM.Autofac", "src\Common\LeadChina.PM.Autofac\LeadChina.PM.Autofac.csproj", "{A8E6BDDA-0D75-42FA-875D-D24A03AF0870}"
EndProject
Project("{9A19103F-16F7-4668-BE54-9A1E7A4F7556}") = "LeadChina.PM.AspNetCore", "src\Common\LeadChina.PM.AspNetCore\LeadChina.PM.AspNetCore.csproj", "{2154DAAF-3DDE-4DFC-8EF7-F36454394D06}"
EndProject
Project("{9A19103F-16F7-4668-BE54-9A1E7A4F7556}") = "LeadChina.PM.RegistryHost.ConsulRegistry", "src\Common\LeadChina.PM.RegistryHost.ConsulRegistry\LeadChina.PM.RegistryHost.ConsulRegistry.csproj", "{36DEBD78-E5C0-408B-A6F1-40E8A08FA852}"
EndProject
Project("{9A19103F-16F7-4668-BE54-9A1E7A4F7556}") = "LeadChina.PM.Exceptionless", "src\Common\LeadChina.PM.Exceptionless\LeadChina.PM.Exceptionless.csproj", "{BAA2CB82-D9CF-4CAD-8CD8-805BBEB96F9A}"
EndProject
Project("{9A19103F-16F7-4668-BE54-9A1E7A4F7556}") = "LeadChina.PM.Grpc", "src\Common\LeadChina.PM.Grpc\LeadChina.PM.Grpc.csproj", "{75469EAE-92EC-453C-A805-8CAE089B9CE6}"
EndProject
Project("{9A19103F-16F7-4668-BE54-9A1E7A4F7556}") = "LeadChina.PM.Router", "src\Common\LeadChina.PM.Router\LeadChina.PM.Router.csproj", "{1911F960-A6AD-492F-926E-F9A85FE7DDBA}"
EndProject
Project("{9A19103F-16F7-4668-BE54-9A1E7A4F7556}") = "LeadChina.PM.Grpc.Hosting", "src\Common\LeadChina.PM.Grpc.Hosting\LeadChina.PM.Grpc.Hosting.csproj", "{9185B202-BEEC-4619-98E3-D913414502DB}"
EndProject
Project("{9A19103F-16F7-4668-BE54-9A1E7A4F7556}") = "LeadChina.PM.IdentityServer", "src\Common\LeadChina.PM.IdentityServer\LeadChina.PM.IdentityServer.csproj", "{9DC28F66-BE51-4FCB-8AE2-CFB750621E49}"
EndProject
Project("{9A19103F-16F7-4668-BE54-9A1E7A4F7556}") = "LeadChina.PM.Infrastrue.Ibatis", "src\Common\LeadChina.PM.Infrastrue.Ibatis\LeadChina.PM.Infrastrue.Ibatis.csproj", "{940D5BAB-0BAC-43C8-A97B-2F3898DEBC62}"
EndProject
Project("{9A19103F-16F7-4668-BE54-9A1E7A4F7556}") = "LeadChina.PM.Mediatr", "src\Common\LeadChina.PM.Mediatr\LeadChina.PM.Mediatr.csproj", "{B5A458D8-D485-44C5-97A6-36EA001CD52C}"
EndProject
Project("{9A19103F-16F7-4668-BE54-9A1E7A4F7556}") = "LeadChina.PM.MqMessages", "src\Common\LeadChina.PM.MqMessages\LeadChina.PM.MqMessages.csproj", "{4909A05A-73C0-41AA-9277-D531780978BA}"
EndProject
Project("{9A19103F-16F7-4668-BE54-9A1E7A4F7556}") = "LeadChina.PM.Swagger", "src\Common\LeadChina.PM.Swagger\LeadChina.PM.Swagger.csproj", "{3F92F441-D4C7-4BEB-83CD-64D76EF2EB49}"
EndProject
Project("{9A19103F-16F7-4668-BE54-9A1E7A4F7556}") = "LeadChina.PM.Identity", "src\Identity\LeadChina.PM.Identity\LeadChina.PM.Identity.csproj", "{2292C36A-E502-4D56-8140-38296D27C9C8}"
EndProject
Project("{9A19103F-16F7-4668-BE54-9A1E7A4F7556}") = "LeadChina.PM.SysSetting.API", "src\Services\SysSetting\LeadChina.PM.SysSetting.API\LeadChina.PM.SysSetting.API.csproj", "{93E25D75-64B1-4C6A-BC36-A4EE1CB67351}"
EndProject
Project("{9A19103F-16F7-4668-BE54-9A1E7A4F7556}") = "LeadChina.PM.SysSetting.Domain", "src\Services\SysSetting\LeadChina.PM.SysSetting.Domain\LeadChina.PM.SysSetting.Domain.csproj", "{4E8EDE3E-EC5A-4AB5-9DFF-EEC4305F6081}"
EndProject
Project("{9A19103F-16F7-4668-BE54-9A1E7A4F7556}") = "LeadChina.PM.SysSetting.Infrastrue", "src\Services\SysSetting\LeadChina.PM.SysSetting.Infrastrue\LeadChina.PM.SysSetting.Infrastrue.csproj", "{9C5D6861-C2DF-4990-9940-BB77B4656ED6}"
EndProject
Project("{9A19103F-16F7-4668-BE54-9A1E7A4F7556}") = "LeadChina.PM.SysSetting.Application", "src\Services\SysSetting\LeadChina.PM.SysSetting.Application\LeadChina.PM.SysSetting.Application.csproj", "{D12A59B5-108F-43AB-AAE4-E7D54BB1AFDA}"
EndProject
Project("{9A19103F-16F7-4668-BE54-9A1E7A4F7556}") = "LeadChina.PM.Gateway.Web", "src\ApiGateway\LeadChina.PM.Gateway.Web\LeadChina.PM.Gateway.Web.csproj", "{08E91DC3-650A-404F-868E-B45946C090CB}"
EndProject
Project("{9A19103F-16F7-4668-BE54-9A1E7A4F7556}") = "LeadChina.PM.AppMetrics", "src\Common\LeadChina.PM.AppMetrics\LeadChina.PM.AppMetrics.csproj", "{7F46A8C3-378C-4884-874E-3E6D01C82FF5}"
EndProject
Project("{2150E333-8FDC-42A3-9474-1A3956D46DE8}") = "Project", "Project", "{E60872EA-AF1D-4D77-B252-23202EAA3CDA}"
EndProject
Project("{2150E333-8FDC-42A3-9474-1A3956D46DE8}") = "Task", "Task", "{ED2FC92E-D523-4EF6-933B-B389EFCFB2B5}"
EndProject
Global
	GlobalSection(SolutionConfigurationPlatforms) = preSolution
		Debug|Any CPU = Debug|Any CPU
		Release|Any CPU = Release|Any CPU
	EndGlobalSection
	GlobalSection(ProjectConfigurationPlatforms) = postSolution
		{EA4B3673-0272-471C-9310-9695C7A7191E}.Debug|Any CPU.ActiveCfg = Debug|Any CPU
		{EA4B3673-0272-471C-9310-9695C7A7191E}.Debug|Any CPU.Build.0 = Debug|Any CPU
		{EA4B3673-0272-471C-9310-9695C7A7191E}.Release|Any CPU.ActiveCfg = Release|Any CPU
		{EA4B3673-0272-471C-9310-9695C7A7191E}.Release|Any CPU.Build.0 = Release|Any CPU
		{545568FF-76CC-465B-A387-9262DE000D71}.Debug|Any CPU.ActiveCfg = Debug|Any CPU
		{545568FF-76CC-465B-A387-9262DE000D71}.Debug|Any CPU.Build.0 = Debug|Any CPU
		{545568FF-76CC-465B-A387-9262DE000D71}.Release|Any CPU.ActiveCfg = Release|Any CPU
		{545568FF-76CC-465B-A387-9262DE000D71}.Release|Any CPU.Build.0 = Release|Any CPU
		{44DE9C8F-B25A-4B70-9E61-717BEBE33177}.Debug|Any CPU.ActiveCfg = Debug|Any CPU
		{44DE9C8F-B25A-4B70-9E61-717BEBE33177}.Debug|Any CPU.Build.0 = Debug|Any CPU
		{44DE9C8F-B25A-4B70-9E61-717BEBE33177}.Release|Any CPU.ActiveCfg = Release|Any CPU
		{44DE9C8F-B25A-4B70-9E61-717BEBE33177}.Release|Any CPU.Build.0 = Release|Any CPU
		{A43F1566-BE67-41AC-B892-5963FA20A797}.Debug|Any CPU.ActiveCfg = Debug|Any CPU
		{A43F1566-BE67-41AC-B892-5963FA20A797}.Debug|Any CPU.Build.0 = Debug|Any CPU
		{A43F1566-BE67-41AC-B892-5963FA20A797}.Release|Any CPU.ActiveCfg = Debug|Any CPU
		{A43F1566-BE67-41AC-B892-5963FA20A797}.Release|Any CPU.Build.0 = Debug|Any CPU
		{3DA40680-EE96-42B9-BC8C-B35D9DE67A5A}.Debug|Any CPU.ActiveCfg = Debug|Any CPU
		{3DA40680-EE96-42B9-BC8C-B35D9DE67A5A}.Debug|Any CPU.Build.0 = Debug|Any CPU
		{3DA40680-EE96-42B9-BC8C-B35D9DE67A5A}.Release|Any CPU.ActiveCfg = Release|Any CPU
		{3DA40680-EE96-42B9-BC8C-B35D9DE67A5A}.Release|Any CPU.Build.0 = Release|Any CPU
		{CBC55855-91FB-44D1-8D15-B181DCC5AE67}.Debug|Any CPU.ActiveCfg = Debug|Any CPU
		{CBC55855-91FB-44D1-8D15-B181DCC5AE67}.Debug|Any CPU.Build.0 = Debug|Any CPU
		{CBC55855-91FB-44D1-8D15-B181DCC5AE67}.Release|Any CPU.ActiveCfg = Release|Any CPU
		{CBC55855-91FB-44D1-8D15-B181DCC5AE67}.Release|Any CPU.Build.0 = Release|Any CPU
		{23D03E89-FB22-4D09-9186-4693280DB379}.Debug|Any CPU.ActiveCfg = Debug|Any CPU
		{23D03E89-FB22-4D09-9186-4693280DB379}.Debug|Any CPU.Build.0 = Debug|Any CPU
		{23D03E89-FB22-4D09-9186-4693280DB379}.Release|Any CPU.ActiveCfg = Release|Any CPU
		{23D03E89-FB22-4D09-9186-4693280DB379}.Release|Any CPU.Build.0 = Release|Any CPU
		{7720C533-33F6-4129-A8F5-D57B935D1F21}.Debug|Any CPU.ActiveCfg = Debug|Any CPU
		{7720C533-33F6-4129-A8F5-D57B935D1F21}.Debug|Any CPU.Build.0 = Debug|Any CPU
		{7720C533-33F6-4129-A8F5-D57B935D1F21}.Release|Any CPU.ActiveCfg = Release|Any CPU
		{7720C533-33F6-4129-A8F5-D57B935D1F21}.Release|Any CPU.Build.0 = Release|Any CPU
		{DC519BAE-694E-4853-9F03-1FB490EFE7DC}.Debug|Any CPU.ActiveCfg = Debug|Any CPU
		{DC519BAE-694E-4853-9F03-1FB490EFE7DC}.Debug|Any CPU.Build.0 = Debug|Any CPU
		{DC519BAE-694E-4853-9F03-1FB490EFE7DC}.Release|Any CPU.ActiveCfg = Release|Any CPU
		{DC519BAE-694E-4853-9F03-1FB490EFE7DC}.Release|Any CPU.Build.0 = Release|Any CPU
		{A8E6BDDA-0D75-42FA-875D-D24A03AF0870}.Debug|Any CPU.ActiveCfg = Debug|Any CPU
		{A8E6BDDA-0D75-42FA-875D-D24A03AF0870}.Debug|Any CPU.Build.0 = Debug|Any CPU
		{A8E6BDDA-0D75-42FA-875D-D24A03AF0870}.Release|Any CPU.ActiveCfg = Release|Any CPU
		{A8E6BDDA-0D75-42FA-875D-D24A03AF0870}.Release|Any CPU.Build.0 = Release|Any CPU
		{2154DAAF-3DDE-4DFC-8EF7-F36454394D06}.Debug|Any CPU.ActiveCfg = Debug|Any CPU
		{2154DAAF-3DDE-4DFC-8EF7-F36454394D06}.Debug|Any CPU.Build.0 = Debug|Any CPU
		{2154DAAF-3DDE-4DFC-8EF7-F36454394D06}.Release|Any CPU.ActiveCfg = Release|Any CPU
		{2154DAAF-3DDE-4DFC-8EF7-F36454394D06}.Release|Any CPU.Build.0 = Release|Any CPU
		{36DEBD78-E5C0-408B-A6F1-40E8A08FA852}.Debug|Any CPU.ActiveCfg = Debug|Any CPU
		{36DEBD78-E5C0-408B-A6F1-40E8A08FA852}.Debug|Any CPU.Build.0 = Debug|Any CPU
		{36DEBD78-E5C0-408B-A6F1-40E8A08FA852}.Release|Any CPU.ActiveCfg = Release|Any CPU
		{36DEBD78-E5C0-408B-A6F1-40E8A08FA852}.Release|Any CPU.Build.0 = Release|Any CPU
		{BAA2CB82-D9CF-4CAD-8CD8-805BBEB96F9A}.Debug|Any CPU.ActiveCfg = Debug|Any CPU
		{BAA2CB82-D9CF-4CAD-8CD8-805BBEB96F9A}.Debug|Any CPU.Build.0 = Debug|Any CPU
		{BAA2CB82-D9CF-4CAD-8CD8-805BBEB96F9A}.Release|Any CPU.ActiveCfg = Release|Any CPU
		{BAA2CB82-D9CF-4CAD-8CD8-805BBEB96F9A}.Release|Any CPU.Build.0 = Release|Any CPU
		{75469EAE-92EC-453C-A805-8CAE089B9CE6}.Debug|Any CPU.ActiveCfg = Debug|Any CPU
		{75469EAE-92EC-453C-A805-8CAE089B9CE6}.Debug|Any CPU.Build.0 = Debug|Any CPU
		{75469EAE-92EC-453C-A805-8CAE089B9CE6}.Release|Any CPU.ActiveCfg = Release|Any CPU
		{75469EAE-92EC-453C-A805-8CAE089B9CE6}.Release|Any CPU.Build.0 = Release|Any CPU
		{1911F960-A6AD-492F-926E-F9A85FE7DDBA}.Debug|Any CPU.ActiveCfg = Debug|Any CPU
		{1911F960-A6AD-492F-926E-F9A85FE7DDBA}.Debug|Any CPU.Build.0 = Debug|Any CPU
		{1911F960-A6AD-492F-926E-F9A85FE7DDBA}.Release|Any CPU.ActiveCfg = Release|Any CPU
		{1911F960-A6AD-492F-926E-F9A85FE7DDBA}.Release|Any CPU.Build.0 = Release|Any CPU
		{9185B202-BEEC-4619-98E3-D913414502DB}.Debug|Any CPU.ActiveCfg = Debug|Any CPU
		{9185B202-BEEC-4619-98E3-D913414502DB}.Debug|Any CPU.Build.0 = Debug|Any CPU
		{9185B202-BEEC-4619-98E3-D913414502DB}.Release|Any CPU.ActiveCfg = Release|Any CPU
		{9185B202-BEEC-4619-98E3-D913414502DB}.Release|Any CPU.Build.0 = Release|Any CPU
		{9DC28F66-BE51-4FCB-8AE2-CFB750621E49}.Debug|Any CPU.ActiveCfg = Debug|Any CPU
		{9DC28F66-BE51-4FCB-8AE2-CFB750621E49}.Debug|Any CPU.Build.0 = Debug|Any CPU
		{9DC28F66-BE51-4FCB-8AE2-CFB750621E49}.Release|Any CPU.ActiveCfg = Release|Any CPU
		{9DC28F66-BE51-4FCB-8AE2-CFB750621E49}.Release|Any CPU.Build.0 = Release|Any CPU
		{940D5BAB-0BAC-43C8-A97B-2F3898DEBC62}.Debug|Any CPU.ActiveCfg = Debug|Any CPU
		{940D5BAB-0BAC-43C8-A97B-2F3898DEBC62}.Debug|Any CPU.Build.0 = Debug|Any CPU
		{940D5BAB-0BAC-43C8-A97B-2F3898DEBC62}.Release|Any CPU.ActiveCfg = Release|Any CPU
		{940D5BAB-0BAC-43C8-A97B-2F3898DEBC62}.Release|Any CPU.Build.0 = Release|Any CPU
		{B5A458D8-D485-44C5-97A6-36EA001CD52C}.Debug|Any CPU.ActiveCfg = Debug|Any CPU
		{B5A458D8-D485-44C5-97A6-36EA001CD52C}.Debug|Any CPU.Build.0 = Debug|Any CPU
		{B5A458D8-D485-44C5-97A6-36EA001CD52C}.Release|Any CPU.ActiveCfg = Release|Any CPU
		{B5A458D8-D485-44C5-97A6-36EA001CD52C}.Release|Any CPU.Build.0 = Release|Any CPU
		{4909A05A-73C0-41AA-9277-D531780978BA}.Debug|Any CPU.ActiveCfg = Debug|Any CPU
		{4909A05A-73C0-41AA-9277-D531780978BA}.Debug|Any CPU.Build.0 = Debug|Any CPU
		{4909A05A-73C0-41AA-9277-D531780978BA}.Release|Any CPU.ActiveCfg = Release|Any CPU
		{4909A05A-73C0-41AA-9277-D531780978BA}.Release|Any CPU.Build.0 = Release|Any CPU
		{3F92F441-D4C7-4BEB-83CD-64D76EF2EB49}.Debug|Any CPU.ActiveCfg = Debug|Any CPU
		{3F92F441-D4C7-4BEB-83CD-64D76EF2EB49}.Debug|Any CPU.Build.0 = Debug|Any CPU
		{3F92F441-D4C7-4BEB-83CD-64D76EF2EB49}.Release|Any CPU.ActiveCfg = Release|Any CPU
		{3F92F441-D4C7-4BEB-83CD-64D76EF2EB49}.Release|Any CPU.Build.0 = Release|Any CPU
		{2292C36A-E502-4D56-8140-38296D27C9C8}.Debug|Any CPU.ActiveCfg = Debug|Any CPU
		{2292C36A-E502-4D56-8140-38296D27C9C8}.Debug|Any CPU.Build.0 = Debug|Any CPU
		{2292C36A-E502-4D56-8140-38296D27C9C8}.Release|Any CPU.ActiveCfg = Release|Any CPU
		{2292C36A-E502-4D56-8140-38296D27C9C8}.Release|Any CPU.Build.0 = Release|Any CPU
		{93E25D75-64B1-4C6A-BC36-A4EE1CB67351}.Debug|Any CPU.ActiveCfg = Debug|Any CPU
		{93E25D75-64B1-4C6A-BC36-A4EE1CB67351}.Debug|Any CPU.Build.0 = Debug|Any CPU
		{93E25D75-64B1-4C6A-BC36-A4EE1CB67351}.Release|Any CPU.ActiveCfg = Release|Any CPU
		{93E25D75-64B1-4C6A-BC36-A4EE1CB67351}.Release|Any CPU.Build.0 = Release|Any CPU
		{4E8EDE3E-EC5A-4AB5-9DFF-EEC4305F6081}.Debug|Any CPU.ActiveCfg = Debug|Any CPU
		{4E8EDE3E-EC5A-4AB5-9DFF-EEC4305F6081}.Debug|Any CPU.Build.0 = Debug|Any CPU
		{4E8EDE3E-EC5A-4AB5-9DFF-EEC4305F6081}.Release|Any CPU.ActiveCfg = Release|Any CPU
		{4E8EDE3E-EC5A-4AB5-9DFF-EEC4305F6081}.Release|Any CPU.Build.0 = Release|Any CPU
		{9C5D6861-C2DF-4990-9940-BB77B4656ED6}.Debug|Any CPU.ActiveCfg = Debug|Any CPU
		{9C5D6861-C2DF-4990-9940-BB77B4656ED6}.Debug|Any CPU.Build.0 = Debug|Any CPU
		{9C5D6861-C2DF-4990-9940-BB77B4656ED6}.Release|Any CPU.ActiveCfg = Release|Any CPU
		{9C5D6861-C2DF-4990-9940-BB77B4656ED6}.Release|Any CPU.Build.0 = Release|Any CPU
		{D12A59B5-108F-43AB-AAE4-E7D54BB1AFDA}.Debug|Any CPU.ActiveCfg = Debug|Any CPU
		{D12A59B5-108F-43AB-AAE4-E7D54BB1AFDA}.Debug|Any CPU.Build.0 = Debug|Any CPU
		{D12A59B5-108F-43AB-AAE4-E7D54BB1AFDA}.Release|Any CPU.ActiveCfg = Release|Any CPU
		{D12A59B5-108F-43AB-AAE4-E7D54BB1AFDA}.Release|Any CPU.Build.0 = Release|Any CPU
		{08E91DC3-650A-404F-868E-B45946C090CB}.Debug|Any CPU.ActiveCfg = Debug|Any CPU
		{08E91DC3-650A-404F-868E-B45946C090CB}.Debug|Any CPU.Build.0 = Debug|Any CPU
		{08E91DC3-650A-404F-868E-B45946C090CB}.Release|Any CPU.ActiveCfg = Release|Any CPU
		{08E91DC3-650A-404F-868E-B45946C090CB}.Release|Any CPU.Build.0 = Release|Any CPU
		{7F46A8C3-378C-4884-874E-3E6D01C82FF5}.Debug|Any CPU.ActiveCfg = Debug|Any CPU
		{7F46A8C3-378C-4884-874E-3E6D01C82FF5}.Debug|Any CPU.Build.0 = Debug|Any CPU
		{7F46A8C3-378C-4884-874E-3E6D01C82FF5}.Release|Any CPU.ActiveCfg = Release|Any CPU
		{7F46A8C3-378C-4884-874E-3E6D01C82FF5}.Release|Any CPU.Build.0 = Release|Any CPU
	EndGlobalSection
	GlobalSection(SolutionProperties) = preSolution
		HideSolutionNode = FALSE
	EndGlobalSection
	GlobalSection(NestedProjects) = preSolution
		{EF1F0B69-A116-4E24-8CEB-5D050103C1DA} = {B805CA4B-17D3-4623-B52E-945C03CEE095}
		{07EEDCBC-73DB-49EB-B338-4E1EBF3DE085} = {B805CA4B-17D3-4623-B52E-945C03CEE095}
		{FB32EBBC-3DDF-4C68-B75A-6D555B5D2314} = {B805CA4B-17D3-4623-B52E-945C03CEE095}
		{8ACE5EE9-9BF1-4FAF-9E51-497DA18A5775} = {B805CA4B-17D3-4623-B52E-945C03CEE095}
		{EA4B3673-0272-471C-9310-9695C7A7191E} = {74B87E4B-456B-4C67-A6D5-1761C15E22E2}
		{545568FF-76CC-465B-A387-9262DE000D71} = {74B87E4B-456B-4C67-A6D5-1761C15E22E2}
		{44DE9C8F-B25A-4B70-9E61-717BEBE33177} = {74B87E4B-456B-4C67-A6D5-1761C15E22E2}
		{FB8EFD2A-A626-49F6-84D2-A32090898524} = {B805CA4B-17D3-4623-B52E-945C03CEE095}
		{0EB8FF5B-31FC-4BF8-B456-D1CF11DE593C} = {B805CA4B-17D3-4623-B52E-945C03CEE095}
		{2D4546BA-D9B9-4B8F-84A9-10D1B694D86D} = {8ACE5EE9-9BF1-4FAF-9E51-497DA18A5775}
		{A43F1566-BE67-41AC-B892-5963FA20A797} = {EECE4C72-BF82-4163-8257-5D6EDDBA00D9}
		{3DA40680-EE96-42B9-BC8C-B35D9DE67A5A} = {EECE4C72-BF82-4163-8257-5D6EDDBA00D9}
		{CBC55855-91FB-44D1-8D15-B181DCC5AE67} = {EECE4C72-BF82-4163-8257-5D6EDDBA00D9}
		{23D03E89-FB22-4D09-9186-4693280DB379} = {EECE4C72-BF82-4163-8257-5D6EDDBA00D9}
		{7720C533-33F6-4129-A8F5-D57B935D1F21} = {EECE4C72-BF82-4163-8257-5D6EDDBA00D9}
		{DC519BAE-694E-4853-9F03-1FB490EFE7DC} = {EF1F0B69-A116-4E24-8CEB-5D050103C1DA}
		{A8E6BDDA-0D75-42FA-875D-D24A03AF0870} = {EF1F0B69-A116-4E24-8CEB-5D050103C1DA}
		{2154DAAF-3DDE-4DFC-8EF7-F36454394D06} = {EF1F0B69-A116-4E24-8CEB-5D050103C1DA}
		{36DEBD78-E5C0-408B-A6F1-40E8A08FA852} = {EF1F0B69-A116-4E24-8CEB-5D050103C1DA}
		{BAA2CB82-D9CF-4CAD-8CD8-805BBEB96F9A} = {EF1F0B69-A116-4E24-8CEB-5D050103C1DA}
		{75469EAE-92EC-453C-A805-8CAE089B9CE6} = {EF1F0B69-A116-4E24-8CEB-5D050103C1DA}
		{1911F960-A6AD-492F-926E-F9A85FE7DDBA} = {EF1F0B69-A116-4E24-8CEB-5D050103C1DA}
		{9185B202-BEEC-4619-98E3-D913414502DB} = {EF1F0B69-A116-4E24-8CEB-5D050103C1DA}
		{9DC28F66-BE51-4FCB-8AE2-CFB750621E49} = {EF1F0B69-A116-4E24-8CEB-5D050103C1DA}
		{940D5BAB-0BAC-43C8-A97B-2F3898DEBC62} = {EF1F0B69-A116-4E24-8CEB-5D050103C1DA}
		{B5A458D8-D485-44C5-97A6-36EA001CD52C} = {EF1F0B69-A116-4E24-8CEB-5D050103C1DA}
		{4909A05A-73C0-41AA-9277-D531780978BA} = {EF1F0B69-A116-4E24-8CEB-5D050103C1DA}
		{3F92F441-D4C7-4BEB-83CD-64D76EF2EB49} = {EF1F0B69-A116-4E24-8CEB-5D050103C1DA}
		{2292C36A-E502-4D56-8140-38296D27C9C8} = {0EB8FF5B-31FC-4BF8-B456-D1CF11DE593C}
		{93E25D75-64B1-4C6A-BC36-A4EE1CB67351} = {2D4546BA-D9B9-4B8F-84A9-10D1B694D86D}
		{4E8EDE3E-EC5A-4AB5-9DFF-EEC4305F6081} = {2D4546BA-D9B9-4B8F-84A9-10D1B694D86D}
		{9C5D6861-C2DF-4990-9940-BB77B4656ED6} = {2D4546BA-D9B9-4B8F-84A9-10D1B694D86D}
		{D12A59B5-108F-43AB-AAE4-E7D54BB1AFDA} = {2D4546BA-D9B9-4B8F-84A9-10D1B694D86D}
		{08E91DC3-650A-404F-868E-B45946C090CB} = {FB8EFD2A-A626-49F6-84D2-A32090898524}
		{7F46A8C3-378C-4884-874E-3E6D01C82FF5} = {EF1F0B69-A116-4E24-8CEB-5D050103C1DA}
		{E60872EA-AF1D-4D77-B252-23202EAA3CDA} = {8ACE5EE9-9BF1-4FAF-9E51-497DA18A5775}
		{ED2FC92E-D523-4EF6-933B-B389EFCFB2B5} = {8ACE5EE9-9BF1-4FAF-9E51-497DA18A5775}
	EndGlobalSection
	GlobalSection(ExtensibilityGlobals) = postSolution
		SolutionGuid = {9DE5938C-8B34-4EEC-B983-79A50D0D90AA}
	EndGlobalSection
EndGlobal
