Microsoft Visual Studio Solution File, Format Version 12.00
# Visual Studio Version 16
VisualStudioVersion = 16.0.29418.71
MinimumVisualStudioVersion = 10.0.40219.1
Project("{2150E333-8FDC-42A3-9474-1A3956D46DE8}") = "src", "src", "{B805CA4B-17D3-4623-B52E-945C03CEE095}"
EndProject
Project("{2150E333-8FDC-42A3-9474-1A3956D46DE8}") = "test", "test", "{74B87E4B-456B-4C67-A6D5-1761C15E22E2}"
EndProject
Project("{2150E333-8FDC-42A3-9474-1A3956D46DE8}") = "sample", "sample", "{EECE4C72-BF82-4163-8257-5D6EDDBA00D9}"
EndProject
Project("{2150E333-8FDC-42A3-9474-1A3956D46DE8}") = "common", "common", "{EF1F0B69-A116-4E24-8CEB-5D050103C1DA}"
EndProject
Project("{2150E333-8FDC-42A3-9474-1A3956D46DE8}") = "app", "app", "{07EEDCBC-73DB-49EB-B338-4E1EBF3DE085}"
EndProject
Project("{2150E333-8FDC-42A3-9474-1A3956D46DE8}") = "web", "web", "{FB32EBBC-3DDF-4C68-B75A-6D555B5D2314}"
EndProject
Project("{2150E333-8FDC-42A3-9474-1A3956D46DE8}") = "services", "services", "{8ACE5EE9-9BF1-4FAF-9E51-497DA18A5775}"
EndProject
Project("{9A19103F-16F7-4668-BE54-9A1E7A4F7556}") = "NanoFabric.AppMetrics", "src\Common\NanoFabric.AppMetrics\NanoFabric.AppMetrics.csproj", "{BCBBED0A-9C34-492C-9F8B-CBDDBB4E8A70}"
EndProject
Project("{9A19103F-16F7-4668-BE54-9A1E7A4F7556}") = "NanoFabric.AspNetCore", "src\Common\NanoFabric.AspNetCore\NanoFabric.AspNetCore.csproj", "{03248B29-5A80-4982-A9BA-60037BF91AA9}"
EndProject
Project("{9A19103F-16F7-4668-BE54-9A1E7A4F7556}") = "NanoFabric.Autofac", "src\Common\NanoFabric.Autofac\NanoFabric.Autofac.csproj", "{89EB483B-40A7-4BD3-A685-E3DC74310DBE}"
EndProject
Project("{9A19103F-16F7-4668-BE54-9A1E7A4F7556}") = "NanoFabric.Core", "src\Common\NanoFabric.Core\NanoFabric.Core.csproj", "{331BC292-DB56-4957-98EA-85E77ED9DF71}"
EndProject
Project("{9A19103F-16F7-4668-BE54-9A1E7A4F7556}") = "NanoFabric.Exceptionless", "src\Common\NanoFabric.Exceptionless\NanoFabric.Exceptionless.csproj", "{1866BF65-3F30-4924-876B-21780FDFAB6E}"
EndProject
Project("{9A19103F-16F7-4668-BE54-9A1E7A4F7556}") = "NanoFabric.Grpc", "src\Common\NanoFabric.Grpc\NanoFabric.Grpc.csproj", "{760BE0FF-2218-4A75-BB81-431BFAF99A52}"
EndProject
Project("{9A19103F-16F7-4668-BE54-9A1E7A4F7556}") = "NanoFabric.Grpc.Hosting", "src\Common\NanoFabric.Grpc.Hosting\NanoFabric.Grpc.Hosting.csproj", "{E8AD39B2-0FBD-4686-BBEC-005A267DA8C5}"
EndProject
Project("{9A19103F-16F7-4668-BE54-9A1E7A4F7556}") = "NanoFabric.IdentityServer", "src\Common\NanoFabric.IdentityServer\NanoFabric.IdentityServer.csproj", "{6269702C-07F1-40DC-BF3E-8A3383D4E3E3}"
EndProject
Project("{9A19103F-16F7-4668-BE54-9A1E7A4F7556}") = "NanoFabric.Mediatr", "src\Common\NanoFabric.Mediatr\NanoFabric.Mediatr.csproj", "{613DDF69-CC48-4781-BFC9-BAAEFB215E0E}"
EndProject
Project("{9A19103F-16F7-4668-BE54-9A1E7A4F7556}") = "NanoFabric.MqMessages", "src\Common\NanoFabric.MqMessages\NanoFabric.MqMessages.csproj", "{37436DA5-914A-4BA8-8AA3-68913F3CFCAD}"
EndProject
Project("{9A19103F-16F7-4668-BE54-9A1E7A4F7556}") = "NanoFabric.Ocelot", "src\Common\NanoFabric.Ocelot\NanoFabric.Ocelot.csproj", "{82672484-65C7-43F4-9DFD-B0936D0F6BDA}"
EndProject
Project("{9A19103F-16F7-4668-BE54-9A1E7A4F7556}") = "NanoFabric.RegistryHost.ConsulRegistry", "src\Common\NanoFabric.RegistryHost.ConsulRegistry\NanoFabric.RegistryHost.ConsulRegistry.csproj", "{0377C46C-6FA0-493B-AF93-548F7209B6C2}"
EndProject
Project("{9A19103F-16F7-4668-BE54-9A1E7A4F7556}") = "NanoFabric.Router", "src\Common\NanoFabric.Router\NanoFabric.Router.csproj", "{D4DEDA4D-05AB-4AF6-9F27-4DB348156C0B}"
EndProject
Project("{9A19103F-16F7-4668-BE54-9A1E7A4F7556}") = "NanoFabric.Swagger", "src\Common\NanoFabric.Swagger\NanoFabric.Swagger.csproj", "{5F80BE80-DE1C-4982-BC03-5F50E26137FD}"
EndProject
Project("{9A19103F-16F7-4668-BE54-9A1E7A4F7556}") = "NanoFabric.AspNetCore.Tests", "test\NanoFabric.AspNetCore.Tests\NanoFabric.AspNetCore.Tests.csproj", "{EA4B3673-0272-471C-9310-9695C7A7191E}"
EndProject
Project("{9A19103F-16F7-4668-BE54-9A1E7A4F7556}") = "NanoFabric.RegistryHost.ConsulRegistry.Tests", "test\NanoFabric.RegistryHost.ConsulRegistry.Test\NanoFabric.RegistryHost.ConsulRegistry.Tests.csproj", "{545568FF-76CC-465B-A387-9262DE000D71}"
EndProject
Project("{9A19103F-16F7-4668-BE54-9A1E7A4F7556}") = "NanoFabric.Router.Tests", "test\NanoFabric.Router.Tests\NanoFabric.Router.Tests.csproj", "{44DE9C8F-B25A-4B70-9E61-717BEBE33177}"
EndProject
Project("{2150E333-8FDC-42A3-9474-1A3956D46DE8}") = "Solution Items", "Solution Items", "{AE760A22-D5B1-4D55-B108-D116876FFD62}"
	ProjectSection(SolutionItems) = preProject
		..\nano_start.bat = ..\nano_start.bat
	EndProjectSection
EndProject
Project("{9A19103F-16F7-4668-BE54-9A1E7A4F7556}") = "SampleService.Kestrel", "Sample\SampleService.Kestrel\SampleService.Kestrel.csproj", "{8DA111E1-1A1C-49D3-A4C5-87F1FBE9A020}"
EndProject
Project("{2150E333-8FDC-42A3-9474-1A3956D46DE8}") = "apiGateway", "apiGateway", "{FB8EFD2A-A626-49F6-84D2-A32090898524}"
EndProject
Project("{9A19103F-16F7-4668-BE54-9A1E7A4F7556}") = "LeadChina.ProjectManager.Web", "src\ApiGateway\LeadChina.ProjectManager.Web\LeadChina.ProjectManager.Web.csproj", "{C7392C67-3248-4E60-8403-8AE0E5B681A5}"
EndProject
Project("{9A19103F-16F7-4668-BE54-9A1E7A4F7556}") = "SampleService.IdentityServer", "Sample\SampleService.IdentityServer\SampleService.IdentityServer.csproj", "{A95E9426-5500-441C-B24B-51E62799B50F}"
EndProject
Project("{2150E333-8FDC-42A3-9474-1A3956D46DE8}") = "identity", "identity", "{0EB8FF5B-31FC-4BF8-B456-D1CF11DE593C}"
EndProject
Project("{9A19103F-16F7-4668-BE54-9A1E7A4F7556}") = "LeadChina.ProjectManager.Identity", "src\Identity\LeadChina.ProjectManager.Identity\LeadChina.ProjectManager.Identity.csproj", "{0E806874-1B22-46F6-B5F8-5559CF649ED7}"
EndProject
Project("{9A19103F-16F7-4668-BE54-9A1E7A4F7556}") = "SampleService.Client", "Sample\SampleService.Client\SampleService.Client.csproj", "{A6CF7506-365F-413E-90A4-0EC3C9CC7882}"
EndProject
Project("{9A19103F-16F7-4668-BE54-9A1E7A4F7556}") = "SampleService.MvcClient", "Sample\SampleService.MvcClient\SampleService.MvcClient.csproj", "{DDC3B791-3A79-4F5E-B38F-810BDF206A2B}"
EndProject
Project("{9A19103F-16F7-4668-BE54-9A1E7A4F7556}") = "NanoFabric.Infrastrue.Mycat", "src\Common\NanoFabric.Infrastrue.Mycat\NanoFabric.Infrastrue.Mycat.csproj", "{EE2F5B5E-F3DA-46B1-A952-1859E00A37ED}"
EndProject
Project("{FAE04EC0-301F-11D3-BF4B-00C04F79EFBC}") = "NanoFabric.Infrastrue.Ibatis", "src\Common\NanoFabric.Infrastrue.Ibatis\NanoFabric.Infrastrue.Ibatis.csproj", "{FEC6046A-1171-447F-93BC-66B8010B5719}"
EndProject
Project("{FAE04EC0-301F-11D3-BF4B-00C04F79EFBC}") = "LeadChina.ProjectManager.SysSetting.API", "src\Services\SysSetting\LeadChina.ProjectManager.SysSetting.API\LeadChina.ProjectManager.SysSetting.API.csproj", "{2649DB06-A10B-4FCB-9E74-97EA11EB078D}"
EndProject
Project("{9A19103F-16F7-4668-BE54-9A1E7A4F7556}") = "LeadChina.ProjectManager.SysSetting.Entity", "src\Services\SysSetting\LeadChina.ProjectManager.SysSetting.Entity\LeadChina.ProjectManager.SysSetting.Entity.csproj", "{5F7D9A76-97A5-451A-9116-A6CFE12BC4BF}"
EndProject
Global
	GlobalSection(SolutionConfigurationPlatforms) = preSolution
		Debug|Any CPU = Debug|Any CPU
		Release|Any CPU = Release|Any CPU
	EndGlobalSection
	GlobalSection(ProjectConfigurationPlatforms) = postSolution
		{BCBBED0A-9C34-492C-9F8B-CBDDBB4E8A70}.Debug|Any CPU.ActiveCfg = Debug|Any CPU
		{BCBBED0A-9C34-492C-9F8B-CBDDBB4E8A70}.Debug|Any CPU.Build.0 = Debug|Any CPU
		{BCBBED0A-9C34-492C-9F8B-CBDDBB4E8A70}.Release|Any CPU.ActiveCfg = Release|Any CPU
		{BCBBED0A-9C34-492C-9F8B-CBDDBB4E8A70}.Release|Any CPU.Build.0 = Release|Any CPU
		{03248B29-5A80-4982-A9BA-60037BF91AA9}.Debug|Any CPU.ActiveCfg = Debug|Any CPU
		{03248B29-5A80-4982-A9BA-60037BF91AA9}.Debug|Any CPU.Build.0 = Debug|Any CPU
		{03248B29-5A80-4982-A9BA-60037BF91AA9}.Release|Any CPU.ActiveCfg = Release|Any CPU
		{03248B29-5A80-4982-A9BA-60037BF91AA9}.Release|Any CPU.Build.0 = Release|Any CPU
		{89EB483B-40A7-4BD3-A685-E3DC74310DBE}.Debug|Any CPU.ActiveCfg = Debug|Any CPU
		{89EB483B-40A7-4BD3-A685-E3DC74310DBE}.Debug|Any CPU.Build.0 = Debug|Any CPU
		{89EB483B-40A7-4BD3-A685-E3DC74310DBE}.Release|Any CPU.ActiveCfg = Release|Any CPU
		{89EB483B-40A7-4BD3-A685-E3DC74310DBE}.Release|Any CPU.Build.0 = Release|Any CPU
		{331BC292-DB56-4957-98EA-85E77ED9DF71}.Debug|Any CPU.ActiveCfg = Debug|Any CPU
		{331BC292-DB56-4957-98EA-85E77ED9DF71}.Debug|Any CPU.Build.0 = Debug|Any CPU
		{331BC292-DB56-4957-98EA-85E77ED9DF71}.Release|Any CPU.ActiveCfg = Release|Any CPU
		{331BC292-DB56-4957-98EA-85E77ED9DF71}.Release|Any CPU.Build.0 = Release|Any CPU
		{1866BF65-3F30-4924-876B-21780FDFAB6E}.Debug|Any CPU.ActiveCfg = Debug|Any CPU
		{1866BF65-3F30-4924-876B-21780FDFAB6E}.Debug|Any CPU.Build.0 = Debug|Any CPU
		{1866BF65-3F30-4924-876B-21780FDFAB6E}.Release|Any CPU.ActiveCfg = Release|Any CPU
		{1866BF65-3F30-4924-876B-21780FDFAB6E}.Release|Any CPU.Build.0 = Release|Any CPU
		{760BE0FF-2218-4A75-BB81-431BFAF99A52}.Debug|Any CPU.ActiveCfg = Debug|Any CPU
		{760BE0FF-2218-4A75-BB81-431BFAF99A52}.Debug|Any CPU.Build.0 = Debug|Any CPU
		{760BE0FF-2218-4A75-BB81-431BFAF99A52}.Release|Any CPU.ActiveCfg = Release|Any CPU
		{760BE0FF-2218-4A75-BB81-431BFAF99A52}.Release|Any CPU.Build.0 = Release|Any CPU
		{E8AD39B2-0FBD-4686-BBEC-005A267DA8C5}.Debug|Any CPU.ActiveCfg = Debug|Any CPU
		{E8AD39B2-0FBD-4686-BBEC-005A267DA8C5}.Debug|Any CPU.Build.0 = Debug|Any CPU
		{E8AD39B2-0FBD-4686-BBEC-005A267DA8C5}.Release|Any CPU.ActiveCfg = Release|Any CPU
		{E8AD39B2-0FBD-4686-BBEC-005A267DA8C5}.Release|Any CPU.Build.0 = Release|Any CPU
		{6269702C-07F1-40DC-BF3E-8A3383D4E3E3}.Debug|Any CPU.ActiveCfg = Debug|Any CPU
		{6269702C-07F1-40DC-BF3E-8A3383D4E3E3}.Debug|Any CPU.Build.0 = Debug|Any CPU
		{6269702C-07F1-40DC-BF3E-8A3383D4E3E3}.Release|Any CPU.ActiveCfg = Release|Any CPU
		{6269702C-07F1-40DC-BF3E-8A3383D4E3E3}.Release|Any CPU.Build.0 = Release|Any CPU
		{613DDF69-CC48-4781-BFC9-BAAEFB215E0E}.Debug|Any CPU.ActiveCfg = Debug|Any CPU
		{613DDF69-CC48-4781-BFC9-BAAEFB215E0E}.Debug|Any CPU.Build.0 = Debug|Any CPU
		{613DDF69-CC48-4781-BFC9-BAAEFB215E0E}.Release|Any CPU.ActiveCfg = Release|Any CPU
		{613DDF69-CC48-4781-BFC9-BAAEFB215E0E}.Release|Any CPU.Build.0 = Release|Any CPU
		{37436DA5-914A-4BA8-8AA3-68913F3CFCAD}.Debug|Any CPU.ActiveCfg = Debug|Any CPU
		{37436DA5-914A-4BA8-8AA3-68913F3CFCAD}.Debug|Any CPU.Build.0 = Debug|Any CPU
		{37436DA5-914A-4BA8-8AA3-68913F3CFCAD}.Release|Any CPU.ActiveCfg = Release|Any CPU
		{37436DA5-914A-4BA8-8AA3-68913F3CFCAD}.Release|Any CPU.Build.0 = Release|Any CPU
		{82672484-65C7-43F4-9DFD-B0936D0F6BDA}.Debug|Any CPU.ActiveCfg = Debug|Any CPU
		{82672484-65C7-43F4-9DFD-B0936D0F6BDA}.Debug|Any CPU.Build.0 = Debug|Any CPU
		{82672484-65C7-43F4-9DFD-B0936D0F6BDA}.Release|Any CPU.ActiveCfg = Release|Any CPU
		{82672484-65C7-43F4-9DFD-B0936D0F6BDA}.Release|Any CPU.Build.0 = Release|Any CPU
		{0377C46C-6FA0-493B-AF93-548F7209B6C2}.Debug|Any CPU.ActiveCfg = Debug|Any CPU
		{0377C46C-6FA0-493B-AF93-548F7209B6C2}.Debug|Any CPU.Build.0 = Debug|Any CPU
		{0377C46C-6FA0-493B-AF93-548F7209B6C2}.Release|Any CPU.ActiveCfg = Release|Any CPU
		{0377C46C-6FA0-493B-AF93-548F7209B6C2}.Release|Any CPU.Build.0 = Release|Any CPU
		{D4DEDA4D-05AB-4AF6-9F27-4DB348156C0B}.Debug|Any CPU.ActiveCfg = Debug|Any CPU
		{D4DEDA4D-05AB-4AF6-9F27-4DB348156C0B}.Debug|Any CPU.Build.0 = Debug|Any CPU
		{D4DEDA4D-05AB-4AF6-9F27-4DB348156C0B}.Release|Any CPU.ActiveCfg = Release|Any CPU
		{D4DEDA4D-05AB-4AF6-9F27-4DB348156C0B}.Release|Any CPU.Build.0 = Release|Any CPU
		{5F80BE80-DE1C-4982-BC03-5F50E26137FD}.Debug|Any CPU.ActiveCfg = Debug|Any CPU
		{5F80BE80-DE1C-4982-BC03-5F50E26137FD}.Debug|Any CPU.Build.0 = Debug|Any CPU
		{5F80BE80-DE1C-4982-BC03-5F50E26137FD}.Release|Any CPU.ActiveCfg = Release|Any CPU
		{5F80BE80-DE1C-4982-BC03-5F50E26137FD}.Release|Any CPU.Build.0 = Release|Any CPU
		{EA4B3673-0272-471C-9310-9695C7A7191E}.Debug|Any CPU.ActiveCfg = Debug|Any CPU
		{EA4B3673-0272-471C-9310-9695C7A7191E}.Debug|Any CPU.Build.0 = Debug|Any CPU
		{EA4B3673-0272-471C-9310-9695C7A7191E}.Release|Any CPU.ActiveCfg = Release|Any CPU
		{EA4B3673-0272-471C-9310-9695C7A7191E}.Release|Any CPU.Build.0 = Release|Any CPU
		{545568FF-76CC-465B-A387-9262DE000D71}.Debug|Any CPU.ActiveCfg = Debug|Any CPU
		{545568FF-76CC-465B-A387-9262DE000D71}.Debug|Any CPU.Build.0 = Debug|Any CPU
		{545568FF-76CC-465B-A387-9262DE000D71}.Release|Any CPU.ActiveCfg = Release|Any CPU
		{545568FF-76CC-465B-A387-9262DE000D71}.Release|Any CPU.Build.0 = Release|Any CPU
		{44DE9C8F-B25A-4B70-9E61-717BEBE33177}.Debug|Any CPU.ActiveCfg = Debug|Any CPU
		{44DE9C8F-B25A-4B70-9E61-717BEBE33177}.Debug|Any CPU.Build.0 = Debug|Any CPU
		{44DE9C8F-B25A-4B70-9E61-717BEBE33177}.Release|Any CPU.ActiveCfg = Release|Any CPU
		{44DE9C8F-B25A-4B70-9E61-717BEBE33177}.Release|Any CPU.Build.0 = Release|Any CPU
		{8DA111E1-1A1C-49D3-A4C5-87F1FBE9A020}.Debug|Any CPU.ActiveCfg = Debug|Any CPU
		{8DA111E1-1A1C-49D3-A4C5-87F1FBE9A020}.Debug|Any CPU.Build.0 = Debug|Any CPU
		{8DA111E1-1A1C-49D3-A4C5-87F1FBE9A020}.Release|Any CPU.ActiveCfg = Release|Any CPU
		{8DA111E1-1A1C-49D3-A4C5-87F1FBE9A020}.Release|Any CPU.Build.0 = Release|Any CPU
		{C7392C67-3248-4E60-8403-8AE0E5B681A5}.Debug|Any CPU.ActiveCfg = Debug|Any CPU
		{C7392C67-3248-4E60-8403-8AE0E5B681A5}.Debug|Any CPU.Build.0 = Debug|Any CPU
		{C7392C67-3248-4E60-8403-8AE0E5B681A5}.Release|Any CPU.ActiveCfg = Release|Any CPU
		{C7392C67-3248-4E60-8403-8AE0E5B681A5}.Release|Any CPU.Build.0 = Release|Any CPU
		{A95E9426-5500-441C-B24B-51E62799B50F}.Debug|Any CPU.ActiveCfg = Debug|Any CPU
		{A95E9426-5500-441C-B24B-51E62799B50F}.Debug|Any CPU.Build.0 = Debug|Any CPU
		{A95E9426-5500-441C-B24B-51E62799B50F}.Release|Any CPU.ActiveCfg = Release|Any CPU
		{A95E9426-5500-441C-B24B-51E62799B50F}.Release|Any CPU.Build.0 = Release|Any CPU
		{0E806874-1B22-46F6-B5F8-5559CF649ED7}.Debug|Any CPU.ActiveCfg = Debug|Any CPU
		{0E806874-1B22-46F6-B5F8-5559CF649ED7}.Debug|Any CPU.Build.0 = Debug|Any CPU
		{0E806874-1B22-46F6-B5F8-5559CF649ED7}.Release|Any CPU.ActiveCfg = Release|Any CPU
		{0E806874-1B22-46F6-B5F8-5559CF649ED7}.Release|Any CPU.Build.0 = Release|Any CPU
		{A6CF7506-365F-413E-90A4-0EC3C9CC7882}.Debug|Any CPU.ActiveCfg = Debug|Any CPU
		{A6CF7506-365F-413E-90A4-0EC3C9CC7882}.Debug|Any CPU.Build.0 = Debug|Any CPU
		{A6CF7506-365F-413E-90A4-0EC3C9CC7882}.Release|Any CPU.ActiveCfg = Release|Any CPU
		{A6CF7506-365F-413E-90A4-0EC3C9CC7882}.Release|Any CPU.Build.0 = Release|Any CPU
		{DDC3B791-3A79-4F5E-B38F-810BDF206A2B}.Debug|Any CPU.ActiveCfg = Debug|Any CPU
		{DDC3B791-3A79-4F5E-B38F-810BDF206A2B}.Debug|Any CPU.Build.0 = Debug|Any CPU
		{DDC3B791-3A79-4F5E-B38F-810BDF206A2B}.Release|Any CPU.ActiveCfg = Release|Any CPU
		{DDC3B791-3A79-4F5E-B38F-810BDF206A2B}.Release|Any CPU.Build.0 = Release|Any CPU
		{EE2F5B5E-F3DA-46B1-A952-1859E00A37ED}.Debug|Any CPU.ActiveCfg = Debug|Any CPU
		{EE2F5B5E-F3DA-46B1-A952-1859E00A37ED}.Debug|Any CPU.Build.0 = Debug|Any CPU
		{EE2F5B5E-F3DA-46B1-A952-1859E00A37ED}.Release|Any CPU.ActiveCfg = Release|Any CPU
		{EE2F5B5E-F3DA-46B1-A952-1859E00A37ED}.Release|Any CPU.Build.0 = Release|Any CPU
		{FEC6046A-1171-447F-93BC-66B8010B5719}.Debug|Any CPU.ActiveCfg = Debug|Any CPU
		{FEC6046A-1171-447F-93BC-66B8010B5719}.Debug|Any CPU.Build.0 = Debug|Any CPU
		{FEC6046A-1171-447F-93BC-66B8010B5719}.Release|Any CPU.ActiveCfg = Release|Any CPU
		{FEC6046A-1171-447F-93BC-66B8010B5719}.Release|Any CPU.Build.0 = Release|Any CPU
		{2649DB06-A10B-4FCB-9E74-97EA11EB078D}.Debug|Any CPU.ActiveCfg = Debug|Any CPU
		{2649DB06-A10B-4FCB-9E74-97EA11EB078D}.Debug|Any CPU.Build.0 = Debug|Any CPU
		{2649DB06-A10B-4FCB-9E74-97EA11EB078D}.Release|Any CPU.ActiveCfg = Release|Any CPU
		{2649DB06-A10B-4FCB-9E74-97EA11EB078D}.Release|Any CPU.Build.0 = Release|Any CPU
		{5F7D9A76-97A5-451A-9116-A6CFE12BC4BF}.Debug|Any CPU.ActiveCfg = Debug|Any CPU
		{5F7D9A76-97A5-451A-9116-A6CFE12BC4BF}.Debug|Any CPU.Build.0 = Debug|Any CPU
		{5F7D9A76-97A5-451A-9116-A6CFE12BC4BF}.Release|Any CPU.ActiveCfg = Release|Any CPU
		{5F7D9A76-97A5-451A-9116-A6CFE12BC4BF}.Release|Any CPU.Build.0 = Release|Any CPU
	EndGlobalSection
	GlobalSection(SolutionProperties) = preSolution
		HideSolutionNode = FALSE
	EndGlobalSection
	GlobalSection(NestedProjects) = preSolution
		{EF1F0B69-A116-4E24-8CEB-5D050103C1DA} = {B805CA4B-17D3-4623-B52E-945C03CEE095}
		{07EEDCBC-73DB-49EB-B338-4E1EBF3DE085} = {B805CA4B-17D3-4623-B52E-945C03CEE095}
		{FB32EBBC-3DDF-4C68-B75A-6D555B5D2314} = {B805CA4B-17D3-4623-B52E-945C03CEE095}
		{8ACE5EE9-9BF1-4FAF-9E51-497DA18A5775} = {B805CA4B-17D3-4623-B52E-945C03CEE095}
		{BCBBED0A-9C34-492C-9F8B-CBDDBB4E8A70} = {EF1F0B69-A116-4E24-8CEB-5D050103C1DA}
		{03248B29-5A80-4982-A9BA-60037BF91AA9} = {EF1F0B69-A116-4E24-8CEB-5D050103C1DA}
		{89EB483B-40A7-4BD3-A685-E3DC74310DBE} = {EF1F0B69-A116-4E24-8CEB-5D050103C1DA}
		{331BC292-DB56-4957-98EA-85E77ED9DF71} = {EF1F0B69-A116-4E24-8CEB-5D050103C1DA}
		{1866BF65-3F30-4924-876B-21780FDFAB6E} = {EF1F0B69-A116-4E24-8CEB-5D050103C1DA}
		{760BE0FF-2218-4A75-BB81-431BFAF99A52} = {EF1F0B69-A116-4E24-8CEB-5D050103C1DA}
		{E8AD39B2-0FBD-4686-BBEC-005A267DA8C5} = {EF1F0B69-A116-4E24-8CEB-5D050103C1DA}
		{6269702C-07F1-40DC-BF3E-8A3383D4E3E3} = {EF1F0B69-A116-4E24-8CEB-5D050103C1DA}
		{613DDF69-CC48-4781-BFC9-BAAEFB215E0E} = {EF1F0B69-A116-4E24-8CEB-5D050103C1DA}
		{37436DA5-914A-4BA8-8AA3-68913F3CFCAD} = {EF1F0B69-A116-4E24-8CEB-5D050103C1DA}
		{82672484-65C7-43F4-9DFD-B0936D0F6BDA} = {EF1F0B69-A116-4E24-8CEB-5D050103C1DA}
		{0377C46C-6FA0-493B-AF93-548F7209B6C2} = {EF1F0B69-A116-4E24-8CEB-5D050103C1DA}
		{D4DEDA4D-05AB-4AF6-9F27-4DB348156C0B} = {EF1F0B69-A116-4E24-8CEB-5D050103C1DA}
		{5F80BE80-DE1C-4982-BC03-5F50E26137FD} = {EF1F0B69-A116-4E24-8CEB-5D050103C1DA}
		{EA4B3673-0272-471C-9310-9695C7A7191E} = {74B87E4B-456B-4C67-A6D5-1761C15E22E2}
		{545568FF-76CC-465B-A387-9262DE000D71} = {74B87E4B-456B-4C67-A6D5-1761C15E22E2}
		{44DE9C8F-B25A-4B70-9E61-717BEBE33177} = {74B87E4B-456B-4C67-A6D5-1761C15E22E2}
		{8DA111E1-1A1C-49D3-A4C5-87F1FBE9A020} = {EECE4C72-BF82-4163-8257-5D6EDDBA00D9}
		{FB8EFD2A-A626-49F6-84D2-A32090898524} = {B805CA4B-17D3-4623-B52E-945C03CEE095}
		{C7392C67-3248-4E60-8403-8AE0E5B681A5} = {FB8EFD2A-A626-49F6-84D2-A32090898524}
		{A95E9426-5500-441C-B24B-51E62799B50F} = {EECE4C72-BF82-4163-8257-5D6EDDBA00D9}
		{0EB8FF5B-31FC-4BF8-B456-D1CF11DE593C} = {B805CA4B-17D3-4623-B52E-945C03CEE095}
		{0E806874-1B22-46F6-B5F8-5559CF649ED7} = {0EB8FF5B-31FC-4BF8-B456-D1CF11DE593C}
		{A6CF7506-365F-413E-90A4-0EC3C9CC7882} = {EECE4C72-BF82-4163-8257-5D6EDDBA00D9}
		{DDC3B791-3A79-4F5E-B38F-810BDF206A2B} = {EECE4C72-BF82-4163-8257-5D6EDDBA00D9}
		{EE2F5B5E-F3DA-46B1-A952-1859E00A37ED} = {EF1F0B69-A116-4E24-8CEB-5D050103C1DA}
		{FEC6046A-1171-447F-93BC-66B8010B5719} = {EF1F0B69-A116-4E24-8CEB-5D050103C1DA}
		{2649DB06-A10B-4FCB-9E74-97EA11EB078D} = {8ACE5EE9-9BF1-4FAF-9E51-497DA18A5775}
		{5F7D9A76-97A5-451A-9116-A6CFE12BC4BF} = {8ACE5EE9-9BF1-4FAF-9E51-497DA18A5775}
	EndGlobalSection
	GlobalSection(ExtensibilityGlobals) = postSolution
		SolutionGuid = {9DE5938C-8B34-4EEC-B983-79A50D0D90AA}
	EndGlobalSection
EndGlobal
